
Microsoft Visual Studio Solution File, Format Version 12.00
# Visual Studio Version 17
VisualStudioVersion = 17.9.34728.123
MinimumVisualStudioVersion = 10.0.40219.1
Project("{FAE04EC0-301F-11D3-BF4B-00C04F79EFBC}") = "LeetCodeSolutions", "LeetCodeSolutions\LeetCodeSolutions.csproj", "{46814804-D510-4502-B7EF-83EEDE42FA3D}"
EndProject
Global
	GlobalSection(SolutionConfigurationPlatforms) = preSolution
		Debug|Any CPU = Debug|Any CPU
		Release|Any CPU = Release|Any CPU
	EndGlobalSection
	GlobalSection(ProjectConfigurationPlatforms) = postSolution
		{46814804-D510-4502-B7EF-83EEDE42FA3D}.Debug|Any CPU.ActiveCfg = Debug|Any CPU
		{46814804-D510-4502-B7EF-83EEDE42FA3D}.Debug|Any CPU.Build.0 = Debug|Any CPU
		{46814804-D510-4502-B7EF-83EEDE42FA3D}.Release|Any CPU.ActiveCfg = Release|Any CPU
		{46814804-D510-4502-B7EF-83EEDE42FA3D}.Release|Any CPU.Build.0 = Release|Any CPU
	EndGlobalSection
	GlobalSection(SolutionProperties) = preSolution
		HideSolutionNode = FALSE
	EndGlobalSection
	GlobalSection(ExtensibilityGlobals) = postSolution
		SolutionGuid = {5107E0A2-1C8E-47A5-A1FD-4D66D3F48075}
	EndGlobalSection
EndGlobal
